
Microsoft Visual Studio Solution File, Format Version 12.00
# Visual Studio Version 17
VisualStudioVersion = 17.10.35013.160
MinimumVisualStudioVersion = 10.0.40219.1
Project("{9A19103F-16F7-4668-BE54-9A1E7A4F7556}") = "Presentation.WPF", "src\Presentation.WPF\Presentation.WPF.csproj", "{D1EEDD78-2DE6-41F7-8A07-E624A9E91B1C}"
EndProject
Project("{9A19103F-16F7-4668-BE54-9A1E7A4F7556}") = "Infrastructure", "src\Infrastructure\Infrastructure.csproj", "{BD00EB88-00CA-430F-9491-FB4568C87102}"
EndProject
Project("{9A19103F-16F7-4668-BE54-9A1E7A4F7556}") = "Domain", "src\Domain\Domain.csproj", "{8D603C70-A2D1-40F2-8060-12CC91C78B85}"
EndProject
Project("{9A19103F-16F7-4668-BE54-9A1E7A4F7556}") = "Core", "src\Core\Core.csproj", "{950F3AB9-3682-4CC9-A13B-EB161CD88032}"
EndProject
Global
	GlobalSection(SolutionConfigurationPlatforms) = preSolution
		Debug|Any CPU = Debug|Any CPU
		Release|Any CPU = Release|Any CPU
	EndGlobalSection
	GlobalSection(ProjectConfigurationPlatforms) = postSolution
		{D1EEDD78-2DE6-41F7-8A07-E624A9E91B1C}.Debug|Any CPU.ActiveCfg = Debug|Any CPU
		{D1EEDD78-2DE6-41F7-8A07-E624A9E91B1C}.Debug|Any CPU.Build.0 = Debug|Any CPU
		{D1EEDD78-2DE6-41F7-8A07-E624A9E91B1C}.Release|Any CPU.ActiveCfg = Release|Any CPU
		{D1EEDD78-2DE6-41F7-8A07-E624A9E91B1C}.Release|Any CPU.Build.0 = Release|Any CPU
		{BD00EB88-00CA-430F-9491-FB4568C87102}.Debug|Any CPU.ActiveCfg = Debug|Any CPU
		{BD00EB88-00CA-430F-9491-FB4568C87102}.Debug|Any CPU.Build.0 = Debug|Any CPU
		{BD00EB88-00CA-430F-9491-FB4568C87102}.Release|Any CPU.ActiveCfg = Release|Any CPU
		{BD00EB88-00CA-430F-9491-FB4568C87102}.Release|Any CPU.Build.0 = Release|Any CPU
		{8D603C70-A2D1-40F2-8060-12CC91C78B85}.Debug|Any CPU.ActiveCfg = Debug|Any CPU
		{8D603C70-A2D1-40F2-8060-12CC91C78B85}.Debug|Any CPU.Build.0 = Debug|Any CPU
		{8D603C70-A2D1-40F2-8060-12CC91C78B85}.Release|Any CPU.ActiveCfg = Release|Any CPU
		{8D603C70-A2D1-40F2-8060-12CC91C78B85}.Release|Any CPU.Build.0 = Release|Any CPU
		{950F3AB9-3682-4CC9-A13B-EB161CD88032}.Debug|Any CPU.ActiveCfg = Debug|Any CPU
		{950F3AB9-3682-4CC9-A13B-EB161CD88032}.Debug|Any CPU.Build.0 = Debug|Any CPU
		{950F3AB9-3682-4CC9-A13B-EB161CD88032}.Release|Any CPU.ActiveCfg = Release|Any CPU
		{950F3AB9-3682-4CC9-A13B-EB161CD88032}.Release|Any CPU.Build.0 = Release|Any CPU
	EndGlobalSection
	GlobalSection(SolutionProperties) = preSolution
		HideSolutionNode = FALSE
	EndGlobalSection
	GlobalSection(ExtensibilityGlobals) = postSolution
		SolutionGuid = {229BAA13-07BB-4025-9CF9-55BDC05386FB}
	EndGlobalSection
EndGlobal
